<?xml version="1.0" encoding="utf-8"?>
<Project ToolsVersion="4.0" xmlns="http://schemas.microsoft.com/developer/msbuild/2003">
  <ItemGroup>
    <ClCompile Include="ex10-cs.cpp">
      <Filter>Source Files</Filter>
    </ClCompile>
    <ClCompile Include="ex10-philosopher.cpp">
      <Filter>Source Files</Filter>
    </ClCompile>
    <ClCompile Include="ex10-runner.cpp">
      <Filter>Source Files</Filter>
    </ClCompile>
  </ItemGroup>
  <ItemGroup>
    <ClInclude Include="const.h">
      <Filter>Header Files</Filter>
    </ClInclude>
  </ItemGroup>
  <ItemGroup>
    <Filter Include="Source Files" />
    <Filter Include="Header Files" />
  </ItemGroup>
</Project>
